// !$*UTF8*$!
{
	archiveVersion = 1;
	classes = {
	};
	objectVersion = 52;
	objects = {

/* Begin PBXBuildFile section */
		0207DA581B56EA530066E2B4 /* Images.xcassets in Resources */ = {isa = PBXBuildFile; fileRef = 0207DA571B56EA530066E2B4 /* Images.xcassets */; };
		1D3623260D0F684500981E51 /* AppDelegate.m in Sources */ = {isa = PBXBuildFile; fileRef = 1D3623250D0F684500981E51 /* AppDelegate.m */; };
		1D60589B0D05DD56006BFB54 /* main.m in Sources */ = {isa = PBXBuildFile; fileRef = 29B97316FDCFA39411CA2CEA /* main.m */; };
		301BF552109A68D80062928A /* libCordova.a in Frameworks */ = {isa = PBXBuildFile; fileRef = 301BF535109A57CC0062928A /* libCordova.a */; settings = {ATTRIBUTES = (Required, ); }; };
		302D95F114D2391D003F00A1 /* MainViewController.m in Sources */ = {isa = PBXBuildFile; fileRef = 302D95EF14D2391D003F00A1 /* MainViewController.m */; };
		302D95F214D2391D003F00A1 /* MainViewController.xib in Resources */ = {isa = PBXBuildFile; fileRef = 302D95F014D2391D003F00A1 /* MainViewController.xib */; };
		6AFF5BF91D6E424B00AB3073 /* CDVLaunchScreen.storyboard in Resources */ = {isa = PBXBuildFile; fileRef = 6AFF5BF81D6E424B00AB3073 /* CDVLaunchScreen.storyboard */; };
		E806A26587A1421481C235CA /* UIImage+CropScaleOrientation.m in Sources */ = {isa = PBXBuildFile; fileRef = 1870915E566D40C28E6BC2E2 /* UIImage+CropScaleOrientation.m */; };
		09C411C64715491EA7E6097C /* CDVCamera.m in Sources */ = {isa = PBXBuildFile; fileRef = A1EA78FA661D497F83D54789 /* CDVCamera.m */; };
		64B6D5A1C458473C914C74CC /* CDVJpegHeaderWriter.m in Sources */ = {isa = PBXBuildFile; fileRef = 04D46E4F2CFA4F4693EA6E57 /* CDVJpegHeaderWriter.m */; };
		57C98DC1B57D4B1FA01ADAD2 /* ImageIO.framework in Frameworks */ = {isa = PBXBuildFile; fileRef = F1AA9AABC5B64B7AA6BDF1E4 /* ImageIO.framework */; settings = {ATTRIBUTES = (Weak, ); }; };
		FEFEE3AC488C451C9165BBE8 /* CoreLocation.framework in Frameworks */ = {isa = PBXBuildFile; fileRef = 43E5C8BF3AB4417DA517A039 /* CoreLocation.framework */; };
		50984B4A48D44D9691233601 /* AVFoundation.framework in Frameworks */ = {isa = PBXBuildFile; fileRef = 3661C38D64844E0882D32B0E /* AVFoundation.framework */; };
		5933E549E7CC47D59C8E9754 /* CDVDevice.m in Sources */ = {isa = PBXBuildFile; fileRef = 46D8C1F4F9B54A89BB6D3C54 /* CDVDevice.m */; };
		FE252DD16A874B9EBEC14AF7 /* CDVUID.m in Sources */ = {isa = PBXBuildFile; fileRef = C497783ECFB646289D52B0E3 /* CDVUID.m */; };
		F401FC4D0E4A4146935698A1 /* OpenUDID.m in Sources */ = {isa = PBXBuildFile; fileRef = 90A03F9E82774DA4857AE69D /* OpenUDID.m */; };
		E3BE96DADBD744CA8B1BE08B /* CDVFile.m in Sources */ = {isa = PBXBuildFile; fileRef = 86B48818C9054CDE83F66907 /* CDVFile.m */; };
		6D7CCBE440404B149DB4ACFB /* CDVLocalFilesystem.m in Sources */ = {isa = PBXBuildFile; fileRef = 28768985BD7C423EB95FA2C7 /* CDVLocalFilesystem.m */; };
		B61AF009BBE0460E9F429CC7 /* CDVAssetLibraryFilesystem.m in Sources */ = {isa = PBXBuildFile; fileRef = C01547DB0AD141EC8259BB15 /* CDVAssetLibraryFilesystem.m */; };
		25A467E6C3E642B993E8573C /* CDVFileTransfer.m in Sources */ = {isa = PBXBuildFile; fileRef = 2B955505BF2043BDBF428085 /* CDVFileTransfer.m */; };
		4DB10ACCC51B499A9B24193C /* CDVIonicKeyboard.m in Sources */ = {isa = PBXBuildFile; fileRef = CD409E1AD2DE4E34ABB576F8 /* CDVIonicKeyboard.m */; };
		FB7E424B967C43838ABF21F3 /* CDVWKWebViewEngine.m in Sources */ = {isa = PBXBuildFile; fileRef = AF317D482971484D97587302 /* CDVWKWebViewEngine.m */; };
		8A340CBFD1BD45B18431A4BA /* CDVWKWebViewUIDelegate.m in Sources */ = {isa = PBXBuildFile; fileRef = 46F4F724970A42B6AD44B8D5 /* CDVWKWebViewUIDelegate.m */; };
		D2F433D1FB724A5AA5D74B8D /* CDVWKProcessPoolFactory.m in Sources */ = {isa = PBXBuildFile; fileRef = 14343E5F87BE4D17B0D4EDBC /* CDVWKProcessPoolFactory.m */; };
		B3CE8C6D71AE48C68F23F7BD /* IONAssetHandler.m in Sources */ = {isa = PBXBuildFile; fileRef = AF26C77DC4B64F44A21038B3 /* IONAssetHandler.m */; };
		4E3ACE49BA0C4987B62CDD5E /* WebKit.framework in Frameworks */ = {isa = PBXBuildFile; fileRef = 89C3F48E80664760AD63EF3E /* WebKit.framework */; settings = {ATTRIBUTES = (Weak, ); }; };
		B930047F78F04AE1AA3D207F /* CDVSplashScreen.m in Sources */ = {isa = PBXBuildFile; fileRef = EA4D86661E5741ADA505173D /* CDVSplashScreen.m */; };
		DC9AA140E5EC4EDA86FB6321 /* CDVViewController+SplashScreen.m in Sources */ = {isa = PBXBuildFile; fileRef = 9896C7DBBA7F459AAAE71C7E /* CDVViewController+SplashScreen.m */; };
		22361E92B15C47F88423D1B1 /* CDVStatusBar.m in Sources */ = {isa = PBXBuildFile; fileRef = FEB178F3F281425083A5D92A /* CDVStatusBar.m */; };
		1F1B062BD1B340D5B0F57039 /* UICKeyChainStore.m in Sources */ = {isa = PBXBuildFile; fileRef = 47EE4442C0CC41F88DF3485D /* UICKeyChainStore.m */; };
		1081333E4C57408E8FFC3025 /* CDVUniqueDeviceID.m in Sources */ = {isa = PBXBuildFile; fileRef = FB8C007690D140B2B38C4FEC /* CDVUniqueDeviceID.m */; };
		87F716E0D94F421991FF2AF7 /* Security.framework in Frameworks */ = {isa = PBXBuildFile; fileRef = 428C5F9053C1412B934903C0 /* Security.framework */; };
		E4DE05CD3EF24BA7B635C8F4 /* SQLitePlugin.m in Sources */ = {isa = PBXBuildFile; fileRef = 2C89DEFDE3224079B1F26562 /* SQLitePlugin.m */; };
		FB7F8A24A1D4421BB155DFE4 /* CustomPSPDFThreadSafeMutableDictionary.m in Sources */ = {isa = PBXBuildFile; fileRef = 169555D76F204CF0AB0694C9 /* CustomPSPDFThreadSafeMutableDictionary.m */; settings = {COMPILER_FLAGS = "-w"; }; };
		5473529C3673471C9EF461E3 /* sqlite3.c in Resources */ = {isa = PBXBuildFile; fileRef = 85B5A16AA10C4F16969741B4 /* sqlite3.c */; settings = {COMPILER_FLAGS = "-w -DSQLITE_THREADSAFE=1 -DSQLITE_DEFAULT_SYNCHRONOUS=3 -DSQLITE_DEFAULT_MEMSTATUS=0 -DSQLITE_OMIT_DECLTYPE -DSQLITE_OMIT_DEPRECATED -DSQLITE_OMIT_PROGRESS_CALLBACK -DSQLITE_OMIT_SHARED_CACHE -DSQLITE_TEMP_STORE=2 -DSQLITE_OMIT_LOAD_EXTENSION -DSQLITE_ENABLE_FTS3 -DSQLITE_ENABLE_FTS3_PARENTHESIS -DSQLITE_ENABLE_FTS4 -DSQLITE_ENABLE_RTREE -DSQLITE_DEFAULT_PAGE_SIZE=4096"; }; };
		A2DB9F5E11014DEBA6E3F9C7 /* AppDelegate+notification.m in Sources */ = {isa = PBXBuildFile; fileRef = C6534FB60EB447F8BBC21619 /* AppDelegate+notification.m */; };
		612A05F302C94F8FA7ACDE4D /* PushPlugin.m in Sources */ = {isa = PBXBuildFile; fileRef = 2C445D03D4A1474184C87477 /* PushPlugin.m */; };
		8EC8EAF55D03466D93EC8D9E /* PushKit.framework in Frameworks */ = {isa = PBXBuildFile; fileRef = 150080797C44438A99739352 /* PushKit.framework */; };
		EE39238373824283A73F69AE /* AppDelegate+FirebasePlugin.m in Sources */ = {isa = PBXBuildFile; fileRef = A23B051C29D6416CA3E02251 /* AppDelegate+FirebasePlugin.m */; };
		355A4473C8F3409D9358B9FA /* FirebasePlugin.m in Sources */ = {isa = PBXBuildFile; fileRef = 3CDF588B658149FC8D9661E9 /* FirebasePlugin.m */; };
		B641B2EEF71D43F28255365B /* FirebasePluginMessageReceiver.m in Sources */ = {isa = PBXBuildFile; fileRef = CEF52694305A44089E612ACB /* FirebasePluginMessageReceiver.m */; };
		D135FC6EB7AA47558A69B6F4 /* FirebasePluginMessageReceiverManager.m in Sources */ = {isa = PBXBuildFile; fileRef = A8B9A6704FB34D0B8A003AA5 /* FirebasePluginMessageReceiverManager.m */; };
		2A32B98A186A42F1B408ECA7 /* GoogleService-Info.plist in Resources */ = {isa = PBXBuildFile; fileRef = 0EF4C9C38A0949F4914D7250 /* GoogleService-Info.plist */; };
		C7149BC5443B4D4CABFC2FFA /* AuthenticationServices.framework in Frameworks */ = {isa = PBXBuildFile; fileRef = 319E305D430845A69AD0AD1D /* AuthenticationServices.framework */; };
/* End PBXBuildFile section */

/* Begin PBXContainerItemProxy section */
		301BF534109A57CC0062928A /* PBXContainerItemProxy */ = {
			isa = PBXContainerItemProxy;
			containerPortal = 301BF52D109A57CC0062928A /* CordovaLib/CordovaLib.xcodeproj */;
			proxyType = 2;
			remoteGlobalIDString = D2AAC07E0554694100DB518D;
			remoteInfo = CordovaLib;
		};
		301BF550109A68C00062928A /* PBXContainerItemProxy */ = {
			isa = PBXContainerItemProxy;
			containerPortal = 301BF52D109A57CC0062928A /* CordovaLib/CordovaLib.xcodeproj */;
			proxyType = 1;
			remoteGlobalIDString = D2AAC07D0554694100DB518D;
			remoteInfo = CordovaLib;
		};
		907D8123214C687600058A10 /* PBXContainerItemProxy */ = {
			isa = PBXContainerItemProxy;
			containerPortal = 301BF52D109A57CC0062928A /* CordovaLib/CordovaLib.xcodeproj */;
			proxyType = 2;
			remoteGlobalIDString = C0C01EB21E3911D50056E6CB;
			remoteInfo = Cordova;
		};
/* End PBXContainerItemProxy section */

/* Begin PBXFileReference section */
		0207DA571B56EA530066E2B4 /* Images.xcassets */ = {isa = PBXFileReference; lastKnownFileType = folder.assetcatalog; name = Images.xcassets; path = "FirstAvenu/Images.xcassets"; sourceTree = SOURCE_ROOT; };
		1D3623240D0F684500981E51 /* AppDelegate.h */ = {isa = PBXFileReference; fileEncoding = 4; lastKnownFileType = sourcecode.c.h; path = AppDelegate.h; sourceTree = "<group>"; };
		1D3623250D0F684500981E51 /* AppDelegate.m */ = {isa = PBXFileReference; fileEncoding = 4; lastKnownFileType = sourcecode.c.objc; path = AppDelegate.m; sourceTree = "<group>"; };
		1D6058910D05DD3D006BFB54 /* FirstAvenu.app */ = {isa = PBXFileReference; explicitFileType = wrapper.application; includeInIndex = 0; path = "FirstAvenu.app"; sourceTree = BUILT_PRODUCTS_DIR; };
		29B97316FDCFA39411CA2CEA /* main.m */ = {isa = PBXFileReference; fileEncoding = 4; lastKnownFileType = sourcecode.c.objc; path = main.m; sourceTree = "<group>"; };
		301BF52D109A57CC0062928A /* CordovaLib/CordovaLib.xcodeproj */ = {isa = PBXFileReference; lastKnownFileType = "wrapper.pb-project"; name = CordovaLib.xcodeproj; path = CordovaLib\CordovaLib.xcodeproj; sourceTree = "<group>"; };
		301BF56E109A69640062928A /* www */ = {isa = PBXFileReference; lastKnownFileType = folder; path = www; sourceTree = SOURCE_ROOT; };
		302D95EE14D2391D003F00A1 /* MainViewController.h */ = {isa = PBXFileReference; fileEncoding = 4; lastKnownFileType = sourcecode.c.h; path = MainViewController.h; sourceTree = "<group>"; };
		302D95EF14D2391D003F00A1 /* MainViewController.m */ = {isa = PBXFileReference; fileEncoding = 4; lastKnownFileType = sourcecode.c.objc; path = MainViewController.m; sourceTree = "<group>"; };
		302D95F014D2391D003F00A1 /* MainViewController.xib */ = {isa = PBXFileReference; fileEncoding = 4; lastKnownFileType = file.xib; path = MainViewController.xib; sourceTree = "<group>"; };
		3047A50F1AB8059700498E2A /* build-debug.xcconfig */ = {isa = PBXFileReference; fileEncoding = 4; lastKnownFileType = text.xcconfig; name = "build-debug.xcconfig"; path = "cordova/build-debug.xcconfig"; sourceTree = SOURCE_ROOT; };
		3047A5101AB8059700498E2A /* build-release.xcconfig */ = {isa = PBXFileReference; fileEncoding = 4; lastKnownFileType = text.xcconfig; name = "build-release.xcconfig"; path = "cordova/build-release.xcconfig"; sourceTree = SOURCE_ROOT; };
		3047A5111AB8059700498E2A /* build.xcconfig */ = {isa = PBXFileReference; fileEncoding = 4; lastKnownFileType = text.xcconfig; name = build.xcconfig; path = cordova/build.xcconfig; sourceTree = SOURCE_ROOT; };
		32CA4F630368D1EE00C91783 /* FirstAvenu-Prefix.pch */ = {isa = PBXFileReference; fileEncoding = 4; lastKnownFileType = sourcecode.c.h; path = "FirstAvenu-Prefix.pch"; sourceTree = "<group>"; };
		6AFF5BF81D6E424B00AB3073 /* CDVLaunchScreen.storyboard */ = {isa = PBXFileReference; fileEncoding = 4; lastKnownFileType = file.storyboard; name = CDVLaunchScreen.storyboard; path = "FirstAvenu/CDVLaunchScreen.storyboard"; sourceTree = SOURCE_ROOT; };
		8D1107310486CEB800E47090 /* FirstAvenu-Info.plist */ = {isa = PBXFileReference; fileEncoding = 4; lastKnownFileType = text.plist.xml; name = "FirstAvenu-Info.plist"; path = "FirstAvenu/FirstAvenu-Info.plist"; plistStructureDefinitionIdentifier = "com.apple.xcode.plist.structure-definition.iphone.info-plist"; sourceTree = SOURCE_ROOT; };
		EB87FDF31871DA8E0020F90C /* www */ = {isa = PBXFileReference; lastKnownFileType = folder; name = www; path = ../../www; sourceTree = "<group>"; };
		EB87FDF41871DAF40020F90C /* config.xml */ = {isa = PBXFileReference; lastKnownFileType = text.xml; name = config.xml; path = ../../config.xml; sourceTree = "<group>"; };
		ED33DF2A687741AEAF9F8254 /* Bridging-Header.h */ = {isa = PBXFileReference; fileEncoding = 4; lastKnownFileType = sourcecode.c.h; path = "Bridging-Header.h"; sourceTree = "<group>"; };
		F840E1F0165FE0F500CFE078 /* config.xml */ = {isa = PBXFileReference; lastKnownFileType = text.xml; name = config.xml; path = "FirstAvenu/config.xml"; sourceTree = "<group>"; };
		1870915E566D40C28E6BC2E2 /* UIImage+CropScaleOrientation.m */ = {isa = PBXFileReference; name = "UIImage+CropScaleOrientation.m"; path = "cordova-plugin-camera/UIImage+CropScaleOrientation.m"; sourceTree = "<group>"; fileEncoding = 4; lastKnownFileType = sourcecode.c.objc; explicitFileType = undefined; includeInIndex = 0; };
		A1EA78FA661D497F83D54789 /* CDVCamera.m */ = {isa = PBXFileReference; name = "CDVCamera.m"; path = "cordova-plugin-camera/CDVCamera.m"; sourceTree = "<group>"; fileEncoding = 4; lastKnownFileType = sourcecode.c.objc; explicitFileType = undefined; includeInIndex = 0; };
		04D46E4F2CFA4F4693EA6E57 /* CDVJpegHeaderWriter.m */ = {isa = PBXFileReference; name = "CDVJpegHeaderWriter.m"; path = "cordova-plugin-camera/CDVJpegHeaderWriter.m"; sourceTree = "<group>"; fileEncoding = 4; lastKnownFileType = sourcecode.c.objc; explicitFileType = undefined; includeInIndex = 0; };
		E8B85AEA37624A9BAE2808B5 /* UIImage+CropScaleOrientation.h */ = {isa = PBXFileReference; name = "UIImage+CropScaleOrientation.h"; path = "cordova-plugin-camera/UIImage+CropScaleOrientation.h"; sourceTree = "<group>"; fileEncoding = 4; lastKnownFileType = sourcecode.c.h; explicitFileType = undefined; includeInIndex = 0; };
		0783130D0DAF4AEF92E8B278 /* CDVCamera.h */ = {isa = PBXFileReference; name = "CDVCamera.h"; path = "cordova-plugin-camera/CDVCamera.h"; sourceTree = "<group>"; fileEncoding = 4; lastKnownFileType = sourcecode.c.h; explicitFileType = undefined; includeInIndex = 0; };
		2BE83BDD3BAB422DB792CD60 /* CDVJpegHeaderWriter.h */ = {isa = PBXFileReference; name = "CDVJpegHeaderWriter.h"; path = "cordova-plugin-camera/CDVJpegHeaderWriter.h"; sourceTree = "<group>"; fileEncoding = 4; lastKnownFileType = sourcecode.c.h; explicitFileType = undefined; includeInIndex = 0; };
		65F6E761685C4FA8AADC21DE /* CDVExif.h */ = {isa = PBXFileReference; name = "CDVExif.h"; path = "cordova-plugin-camera/CDVExif.h"; sourceTree = "<group>"; fileEncoding = 4; lastKnownFileType = sourcecode.c.h; explicitFileType = undefined; includeInIndex = 0; };
		F1AA9AABC5B64B7AA6BDF1E4 /* ImageIO.framework */ = {isa = PBXFileReference; name = "ImageIO.framework"; path = "System/Library/Frameworks/ImageIO.framework"; sourceTree = SDKROOT; fileEncoding = undefined; lastKnownFileType = wrapper.framework; explicitFileType = undefined; includeInIndex = 0; };
		43E5C8BF3AB4417DA517A039 /* CoreLocation.framework */ = {isa = PBXFileReference; name = "CoreLocation.framework"; path = "System/Library/Frameworks/CoreLocation.framework"; sourceTree = SDKROOT; fileEncoding = undefined; lastKnownFileType = wrapper.framework; explicitFileType = undefined; includeInIndex = 0; };
		3661C38D64844E0882D32B0E /* AVFoundation.framework */ = {isa = PBXFileReference; name = "AVFoundation.framework"; path = "System/Library/Frameworks/AVFoundation.framework"; sourceTree = SDKROOT; fileEncoding = undefined; lastKnownFileType = wrapper.framework; explicitFileType = undefined; includeInIndex = 0; };
		46D8C1F4F9B54A89BB6D3C54 /* CDVDevice.m */ = {isa = PBXFileReference; name = "CDVDevice.m"; path = "cordova-plugin-device/CDVDevice.m"; sourceTree = "<group>"; fileEncoding = 4; lastKnownFileType = sourcecode.c.objc; explicitFileType = undefined; includeInIndex = 0; };
		7CC0A53596134FD6A2424184 /* CDVDevice.h */ = {isa = PBXFileReference; name = "CDVDevice.h"; path = "cordova-plugin-device/CDVDevice.h"; sourceTree = "<group>"; fileEncoding = 4; lastKnownFileType = sourcecode.c.h; explicitFileType = undefined; includeInIndex = 0; };
		C497783ECFB646289D52B0E3 /* CDVUID.m */ = {isa = PBXFileReference; name = "CDVUID.m"; path = "cordova-plugin-dreamover-uid/CDVUID.m"; sourceTree = "<group>"; fileEncoding = 4; lastKnownFileType = sourcecode.c.objc; explicitFileType = undefined; includeInIndex = 0; };
		90A03F9E82774DA4857AE69D /* OpenUDID.m */ = {isa = PBXFileReference; name = "OpenUDID.m"; path = "cordova-plugin-dreamover-uid/OpenUDID.m"; sourceTree = "<group>"; fileEncoding = 4; lastKnownFileType = sourcecode.c.objc; explicitFileType = undefined; includeInIndex = 0; };
		3D9D2A2B078E44BE8A54F982 /* CDVUID.h */ = {isa = PBXFileReference; name = "CDVUID.h"; path = "cordova-plugin-dreamover-uid/CDVUID.h"; sourceTree = "<group>"; fileEncoding = 4; lastKnownFileType = sourcecode.c.h; explicitFileType = undefined; includeInIndex = 0; };
		6A1D3913F2E34126B1C0C887 /* OpenUDID.h */ = {isa = PBXFileReference; name = "OpenUDID.h"; path = "cordova-plugin-dreamover-uid/OpenUDID.h"; sourceTree = "<group>"; fileEncoding = 4; lastKnownFileType = sourcecode.c.h; explicitFileType = undefined; includeInIndex = 0; };
		86B48818C9054CDE83F66907 /* CDVFile.m */ = {isa = PBXFileReference; name = "CDVFile.m"; path = "cordova-plugin-file/CDVFile.m"; sourceTree = "<group>"; fileEncoding = 4; lastKnownFileType = sourcecode.c.objc; explicitFileType = undefined; includeInIndex = 0; };
		28768985BD7C423EB95FA2C7 /* CDVLocalFilesystem.m */ = {isa = PBXFileReference; name = "CDVLocalFilesystem.m"; path = "cordova-plugin-file/CDVLocalFilesystem.m"; sourceTree = "<group>"; fileEncoding = 4; lastKnownFileType = sourcecode.c.objc; explicitFileType = undefined; includeInIndex = 0; };
		C01547DB0AD141EC8259BB15 /* CDVAssetLibraryFilesystem.m */ = {isa = PBXFileReference; name = "CDVAssetLibraryFilesystem.m"; path = "cordova-plugin-file/CDVAssetLibraryFilesystem.m"; sourceTree = "<group>"; fileEncoding = 4; lastKnownFileType = sourcecode.c.objc; explicitFileType = undefined; includeInIndex = 0; };
		5D3830E817D6432FA1929002 /* CDVFile.h */ = {isa = PBXFileReference; name = "CDVFile.h"; path = "cordova-plugin-file/CDVFile.h"; sourceTree = "<group>"; fileEncoding = 4; lastKnownFileType = sourcecode.c.h; explicitFileType = undefined; includeInIndex = 0; };
		CD3C63565A314262A10097C8 /* CDVLocalFilesystem.h */ = {isa = PBXFileReference; name = "CDVLocalFilesystem.h"; path = "cordova-plugin-file/CDVLocalFilesystem.h"; sourceTree = "<group>"; fileEncoding = 4; lastKnownFileType = sourcecode.c.h; explicitFileType = undefined; includeInIndex = 0; };
		2A2121C77E9743BC92EB66B6 /* CDVAssetLibraryFilesystem.h */ = {isa = PBXFileReference; name = "CDVAssetLibraryFilesystem.h"; path = "cordova-plugin-file/CDVAssetLibraryFilesystem.h"; sourceTree = "<group>"; fileEncoding = 4; lastKnownFileType = sourcecode.c.h; explicitFileType = undefined; includeInIndex = 0; };
		2B955505BF2043BDBF428085 /* CDVFileTransfer.m */ = {isa = PBXFileReference; name = "CDVFileTransfer.m"; path = "cordova-plugin-file-transfer/CDVFileTransfer.m"; sourceTree = "<group>"; fileEncoding = 4; lastKnownFileType = sourcecode.c.objc; explicitFileType = undefined; includeInIndex = 0; };
		A358A52FA00C42F799977115 /* CDVFileTransfer.h */ = {isa = PBXFileReference; name = "CDVFileTransfer.h"; path = "cordova-plugin-file-transfer/CDVFileTransfer.h"; sourceTree = "<group>"; fileEncoding = 4; lastKnownFileType = sourcecode.c.h; explicitFileType = undefined; includeInIndex = 0; };
		CD409E1AD2DE4E34ABB576F8 /* CDVIonicKeyboard.m */ = {isa = PBXFileReference; name = "CDVIonicKeyboard.m"; path = "cordova-plugin-ionic-keyboard/CDVIonicKeyboard.m"; sourceTree = "<group>"; fileEncoding = 4; lastKnownFileType = sourcecode.c.objc; explicitFileType = undefined; includeInIndex = 0; };
		3E2E770ABE7E499190E1A283 /* CDVIonicKeyboard.h */ = {isa = PBXFileReference; name = "CDVIonicKeyboard.h"; path = "cordova-plugin-ionic-keyboard/CDVIonicKeyboard.h"; sourceTree = "<group>"; fileEncoding = 4; lastKnownFileType = sourcecode.c.h; explicitFileType = undefined; includeInIndex = 0; };
		AF317D482971484D97587302 /* CDVWKWebViewEngine.m */ = {isa = PBXFileReference; name = "CDVWKWebViewEngine.m"; path = "cordova-plugin-ionic-webview/CDVWKWebViewEngine.m"; sourceTree = "<group>"; fileEncoding = 4; lastKnownFileType = sourcecode.c.objc; explicitFileType = undefined; includeInIndex = 0; };
		46F4F724970A42B6AD44B8D5 /* CDVWKWebViewUIDelegate.m */ = {isa = PBXFileReference; name = "CDVWKWebViewUIDelegate.m"; path = "cordova-plugin-ionic-webview/CDVWKWebViewUIDelegate.m"; sourceTree = "<group>"; fileEncoding = 4; lastKnownFileType = sourcecode.c.objc; explicitFileType = undefined; includeInIndex = 0; };
		14343E5F87BE4D17B0D4EDBC /* CDVWKProcessPoolFactory.m */ = {isa = PBXFileReference; name = "CDVWKProcessPoolFactory.m"; path = "cordova-plugin-ionic-webview/CDVWKProcessPoolFactory.m"; sourceTree = "<group>"; fileEncoding = 4; lastKnownFileType = sourcecode.c.objc; explicitFileType = undefined; includeInIndex = 0; };
		AF26C77DC4B64F44A21038B3 /* IONAssetHandler.m */ = {isa = PBXFileReference; name = "IONAssetHandler.m"; path = "cordova-plugin-ionic-webview/IONAssetHandler.m"; sourceTree = "<group>"; fileEncoding = 4; lastKnownFileType = sourcecode.c.objc; explicitFileType = undefined; includeInIndex = 0; };
		D4C7BC0A5D744FA6BF3C5DDF /* CDVWKWebViewEngine.h */ = {isa = PBXFileReference; name = "CDVWKWebViewEngine.h"; path = "cordova-plugin-ionic-webview/CDVWKWebViewEngine.h"; sourceTree = "<group>"; fileEncoding = 4; lastKnownFileType = sourcecode.c.h; explicitFileType = undefined; includeInIndex = 0; };
		E5F9A87CD0F6440F87DA372B /* CDVWKWebViewUIDelegate.h */ = {isa = PBXFileReference; name = "CDVWKWebViewUIDelegate.h"; path = "cordova-plugin-ionic-webview/CDVWKWebViewUIDelegate.h"; sourceTree = "<group>"; fileEncoding = 4; lastKnownFileType = sourcecode.c.h; explicitFileType = undefined; includeInIndex = 0; };
		EBA060E0D819434EB94A81B8 /* CDVWKProcessPoolFactory.h */ = {isa = PBXFileReference; name = "CDVWKProcessPoolFactory.h"; path = "cordova-plugin-ionic-webview/CDVWKProcessPoolFactory.h"; sourceTree = "<group>"; fileEncoding = 4; lastKnownFileType = sourcecode.c.h; explicitFileType = undefined; includeInIndex = 0; };
		1AB9C7A68E264C5EB0CC3973 /* IONAssetHandler.h */ = {isa = PBXFileReference; name = "IONAssetHandler.h"; path = "cordova-plugin-ionic-webview/IONAssetHandler.h"; sourceTree = "<group>"; fileEncoding = 4; lastKnownFileType = sourcecode.c.h; explicitFileType = undefined; includeInIndex = 0; };
		89C3F48E80664760AD63EF3E /* WebKit.framework */ = {isa = PBXFileReference; name = "WebKit.framework"; path = "System/Library/Frameworks/WebKit.framework"; sourceTree = SDKROOT; fileEncoding = undefined; lastKnownFileType = wrapper.framework; explicitFileType = undefined; includeInIndex = 0; };
		EA4D86661E5741ADA505173D /* CDVSplashScreen.m */ = {isa = PBXFileReference; name = "CDVSplashScreen.m"; path = "cordova-plugin-splashscreen/CDVSplashScreen.m"; sourceTree = "<group>"; fileEncoding = 4; lastKnownFileType = sourcecode.c.objc; explicitFileType = undefined; includeInIndex = 0; };
		9896C7DBBA7F459AAAE71C7E /* CDVViewController+SplashScreen.m */ = {isa = PBXFileReference; name = "CDVViewController+SplashScreen.m"; path = "cordova-plugin-splashscreen/CDVViewController+SplashScreen.m"; sourceTree = "<group>"; fileEncoding = 4; lastKnownFileType = sourcecode.c.objc; explicitFileType = undefined; includeInIndex = 0; };
		8F153B731B2642089A9073C3 /* CDVSplashScreen.h */ = {isa = PBXFileReference; name = "CDVSplashScreen.h"; path = "cordova-plugin-splashscreen/CDVSplashScreen.h"; sourceTree = "<group>"; fileEncoding = 4; lastKnownFileType = sourcecode.c.h; explicitFileType = undefined; includeInIndex = 0; };
		38888EEC6CEA4C7A884F8CB2 /* CDVViewController+SplashScreen.h */ = {isa = PBXFileReference; name = "CDVViewController+SplashScreen.h"; path = "cordova-plugin-splashscreen/CDVViewController+SplashScreen.h"; sourceTree = "<group>"; fileEncoding = 4; lastKnownFileType = sourcecode.c.h; explicitFileType = undefined; includeInIndex = 0; };
		FEB178F3F281425083A5D92A /* CDVStatusBar.m */ = {isa = PBXFileReference; name = "CDVStatusBar.m"; path = "cordova-plugin-statusbar/CDVStatusBar.m"; sourceTree = "<group>"; fileEncoding = 4; lastKnownFileType = sourcecode.c.objc; explicitFileType = undefined; includeInIndex = 0; };
		CFAB28F1D3EE4F5FA8129DBB /* CDVStatusBar.h */ = {isa = PBXFileReference; name = "CDVStatusBar.h"; path = "cordova-plugin-statusbar/CDVStatusBar.h"; sourceTree = "<group>"; fileEncoding = 4; lastKnownFileType = sourcecode.c.h; explicitFileType = undefined; includeInIndex = 0; };
		47EE4442C0CC41F88DF3485D /* UICKeyChainStore.m */ = {isa = PBXFileReference; name = "UICKeyChainStore.m"; path = "cordova-plugin-unique-device-id2/UICKeyChainStore.m"; sourceTree = "<group>"; fileEncoding = 4; lastKnownFileType = sourcecode.c.objc; explicitFileType = undefined; includeInIndex = 0; };
		FB8C007690D140B2B38C4FEC /* CDVUniqueDeviceID.m */ = {isa = PBXFileReference; name = "CDVUniqueDeviceID.m"; path = "cordova-plugin-unique-device-id2/CDVUniqueDeviceID.m"; sourceTree = "<group>"; fileEncoding = 4; lastKnownFileType = sourcecode.c.objc; explicitFileType = undefined; includeInIndex = 0; };
		10558027E5224C10A7C2B018 /* UICKeyChainStore.h */ = {isa = PBXFileReference; name = "UICKeyChainStore.h"; path = "cordova-plugin-unique-device-id2/UICKeyChainStore.h"; sourceTree = "<group>"; fileEncoding = 4; lastKnownFileType = sourcecode.c.h; explicitFileType = undefined; includeInIndex = 0; };
		53D28B4133B849B49FA6DC72 /* CDVUniqueDeviceID.h */ = {isa = PBXFileReference; name = "CDVUniqueDeviceID.h"; path = "cordova-plugin-unique-device-id2/CDVUniqueDeviceID.h"; sourceTree = "<group>"; fileEncoding = 4; lastKnownFileType = sourcecode.c.h; explicitFileType = undefined; includeInIndex = 0; };
		428C5F9053C1412B934903C0 /* Security.framework */ = {isa = PBXFileReference; name = "Security.framework"; path = "System/Library/Frameworks/Security.framework"; sourceTree = SDKROOT; fileEncoding = undefined; lastKnownFileType = wrapper.framework; explicitFileType = undefined; includeInIndex = 0; };
		2C89DEFDE3224079B1F26562 /* SQLitePlugin.m */ = {isa = PBXFileReference; name = "SQLitePlugin.m"; path = "cordova-sqlite-storage/SQLitePlugin.m"; sourceTree = "<group>"; fileEncoding = 4; lastKnownFileType = sourcecode.c.objc; explicitFileType = undefined; includeInIndex = 0; };
		169555D76F204CF0AB0694C9 /* CustomPSPDFThreadSafeMutableDictionary.m */ = {isa = PBXFileReference; name = "CustomPSPDFThreadSafeMutableDictionary.m"; path = "cordova-sqlite-storage/CustomPSPDFThreadSafeMutableDictionary.m"; sourceTree = "<group>"; fileEncoding = 4; lastKnownFileType = sourcecode.c.objc; explicitFileType = undefined; includeInIndex = 0; };
		85B5A16AA10C4F16969741B4 /* sqlite3.c */ = {isa = PBXFileReference; name = "sqlite3.c"; path = "cordova-sqlite-storage/sqlite3.c"; sourceTree = "<group>"; fileEncoding = undefined; lastKnownFileType = unknown; explicitFileType = undefined; includeInIndex = 0; };
		CCA3E5C9D28248108A6CCB2E /* SQLitePlugin.h */ = {isa = PBXFileReference; name = "SQLitePlugin.h"; path = "cordova-sqlite-storage/SQLitePlugin.h"; sourceTree = "<group>"; fileEncoding = 4; lastKnownFileType = sourcecode.c.h; explicitFileType = undefined; includeInIndex = 0; };
		B97217BF9EBB40CD96344A72 /* sqlite3.h */ = {isa = PBXFileReference; name = "sqlite3.h"; path = "cordova-sqlite-storage/sqlite3.h"; sourceTree = "<group>"; fileEncoding = 4; lastKnownFileType = sourcecode.c.h; explicitFileType = undefined; includeInIndex = 0; };
		C6534FB60EB447F8BBC21619 /* AppDelegate+notification.m */ = {isa = PBXFileReference; name = "AppDelegate+notification.m"; path = "@havesource/cordova-plugin-push/AppDelegate+notification.m"; sourceTree = "<group>"; fileEncoding = 4; lastKnownFileType = sourcecode.c.objc; explicitFileType = undefined; includeInIndex = 0; };
		2C445D03D4A1474184C87477 /* PushPlugin.m */ = {isa = PBXFileReference; name = "PushPlugin.m"; path = "@havesource/cordova-plugin-push/PushPlugin.m"; sourceTree = "<group>"; fileEncoding = 4; lastKnownFileType = sourcecode.c.objc; explicitFileType = undefined; includeInIndex = 0; };
		403474E9B9F64DF8AABE203F /* AppDelegate+notification.h */ = {isa = PBXFileReference; name = "AppDelegate+notification.h"; path = "@havesource/cordova-plugin-push/AppDelegate+notification.h"; sourceTree = "<group>"; fileEncoding = 4; lastKnownFileType = sourcecode.c.h; explicitFileType = undefined; includeInIndex = 0; };
		08C3224F28C3490DB5F99704 /* PushPlugin.h */ = {isa = PBXFileReference; name = "PushPlugin.h"; path = "@havesource/cordova-plugin-push/PushPlugin.h"; sourceTree = "<group>"; fileEncoding = 4; lastKnownFileType = sourcecode.c.h; explicitFileType = undefined; includeInIndex = 0; };
		150080797C44438A99739352 /* PushKit.framework */ = {isa = PBXFileReference; name = "PushKit.framework"; path = "System/Library/Frameworks/PushKit.framework"; sourceTree = SDKROOT; fileEncoding = undefined; lastKnownFileType = wrapper.framework; explicitFileType = undefined; includeInIndex = 0; };
		A23B051C29D6416CA3E02251 /* AppDelegate+FirebasePlugin.m */ = {isa = PBXFileReference; name = "AppDelegate+FirebasePlugin.m"; path = "cordova-plugin-firebasex/AppDelegate+FirebasePlugin.m"; sourceTree = "<group>"; fileEncoding = 4; lastKnownFileType = sourcecode.c.objc; explicitFileType = undefined; includeInIndex = 0; };
		3CDF588B658149FC8D9661E9 /* FirebasePlugin.m */ = {isa = PBXFileReference; name = "FirebasePlugin.m"; path = "cordova-plugin-firebasex/FirebasePlugin.m"; sourceTree = "<group>"; fileEncoding = 4; lastKnownFileType = sourcecode.c.objc; explicitFileType = undefined; includeInIndex = 0; };
		CEF52694305A44089E612ACB /* FirebasePluginMessageReceiver.m */ = {isa = PBXFileReference; name = "FirebasePluginMessageReceiver.m"; path = "cordova-plugin-firebasex/FirebasePluginMessageReceiver.m"; sourceTree = "<group>"; fileEncoding = 4; lastKnownFileType = sourcecode.c.objc; explicitFileType = undefined; includeInIndex = 0; };
		A8B9A6704FB34D0B8A003AA5 /* FirebasePluginMessageReceiverManager.m */ = {isa = PBXFileReference; name = "FirebasePluginMessageReceiverManager.m"; path = "cordova-plugin-firebasex/FirebasePluginMessageReceiverManager.m"; sourceTree = "<group>"; fileEncoding = 4; lastKnownFileType = sourcecode.c.objc; explicitFileType = undefined; includeInIndex = 0; };
		3787D1863BB446D197156B7D /* AppDelegate+FirebasePlugin.h */ = {isa = PBXFileReference; name = "AppDelegate+FirebasePlugin.h"; path = "cordova-plugin-firebasex/AppDelegate+FirebasePlugin.h"; sourceTree = "<group>"; fileEncoding = 4; lastKnownFileType = sourcecode.c.h; explicitFileType = undefined; includeInIndex = 0; };
		AC4E9D6812564E708CC899D2 /* FirebasePlugin.h */ = {isa = PBXFileReference; name = "FirebasePlugin.h"; path = "cordova-plugin-firebasex/FirebasePlugin.h"; sourceTree = "<group>"; fileEncoding = 4; lastKnownFileType = sourcecode.c.h; explicitFileType = undefined; includeInIndex = 0; };
		97DD9840A8B8458F921124B1 /* FirebasePluginMessageReceiver.h */ = {isa = PBXFileReference; name = "FirebasePluginMessageReceiver.h"; path = "cordova-plugin-firebasex/FirebasePluginMessageReceiver.h"; sourceTree = "<group>"; fileEncoding = 4; lastKnownFileType = sourcecode.c.h; explicitFileType = undefined; includeInIndex = 0; };
		D7021F70C7AD47CFB97E267D /* FirebasePluginMessageReceiverManager.h */ = {isa = PBXFileReference; name = "FirebasePluginMessageReceiverManager.h"; path = "cordova-plugin-firebasex/FirebasePluginMessageReceiverManager.h"; sourceTree = "<group>"; fileEncoding = 4; lastKnownFileType = sourcecode.c.h; explicitFileType = undefined; includeInIndex = 0; };
		0EF4C9C38A0949F4914D7250 /* GoogleService-Info.plist */ = {isa = PBXFileReference; name = "GoogleService-Info.plist"; path = "GoogleService-Info.plist"; sourceTree = "<group>"; fileEncoding = 4; lastKnownFileType = text.plist.xml; explicitFileType = undefined; includeInIndex = 0; };
		319E305D430845A69AD0AD1D /* AuthenticationServices.framework */ = {isa = PBXFileReference; name = "AuthenticationServices.framework"; path = "System/Library/Frameworks/AuthenticationServices.framework"; sourceTree = SDKROOT; fileEncoding = undefined; lastKnownFileType = wrapper.framework; explicitFileType = undefined; includeInIndex = 0; };
/* End PBXFileReference section */

/* Begin PBXFrameworksBuildPhase section */
		1D60588F0D05DD3D006BFB54 /* Frameworks */ = {
			isa = PBXFrameworksBuildPhase;
			buildActionMask = 2147483647;
			files = (
				301BF552109A68D80062928A /* libCordova.a in Frameworks */,
				57C98DC1B57D4B1FA01ADAD2 /* ImageIO.framework in Frameworks */,
				FEFEE3AC488C451C9165BBE8 /* CoreLocation.framework in Frameworks */,
				50984B4A48D44D9691233601 /* AVFoundation.framework in Frameworks */,
				4E3ACE49BA0C4987B62CDD5E /* WebKit.framework in Frameworks */,
				87F716E0D94F421991FF2AF7 /* Security.framework in Frameworks */,
				8EC8EAF55D03466D93EC8D9E /* PushKit.framework in Frameworks */,
				C7149BC5443B4D4CABFC2FFA /* AuthenticationServices.framework in Frameworks */,
			);
			runOnlyForDeploymentPostprocessing = 0;
		};
/* End PBXFrameworksBuildPhase section */

/* Begin PBXGroup section */
		080E96DDFE201D6D7F000001 /* Classes */ = {
			isa = PBXGroup;
			children = (
				302D95EE14D2391D003F00A1 /* MainViewController.h */,
				302D95EF14D2391D003F00A1 /* MainViewController.m */,
				302D95F014D2391D003F00A1 /* MainViewController.xib */,
				1D3623240D0F684500981E51 /* AppDelegate.h */,
				1D3623250D0F684500981E51 /* AppDelegate.m */,
			);
			name = Classes;
			path = "FirstAvenu/Classes";
			sourceTree = SOURCE_ROOT;
		};
		19C28FACFE9D520D11CA2CBB /* Products */ = {
			isa = PBXGroup;
			children = (
				1D6058910D05DD3D006BFB54 /* FirstAvenu.app */,
			);
			name = Products;
			sourceTree = "<group>";
		};
		29B97314FDCFA39411CA2CEA /* CustomTemplate */ = {
			isa = PBXGroup;
			children = (
				EB87FDF41871DAF40020F90C /* config.xml */,
				EB87FDF31871DA8E0020F90C /* www */,
				EB87FDF11871DA420020F90C /* Staging */,
				301BF52D109A57CC0062928A /* CordovaLib/CordovaLib.xcodeproj */,
				080E96DDFE201D6D7F000001 /* Classes */,
				307C750510C5A3420062BCA9 /* Plugins */,
				29B97315FDCFA39411CA2CEA /* Other Sources */,
				29B97317FDCFA39411CA2CEA /* Resources */,
				29B97323FDCFA39411CA2CEA /* Frameworks */,
				19C28FACFE9D520D11CA2CBB /* Products */,
			);
			name = CustomTemplate;
			sourceTree = "<group>";
		};
		29B97315FDCFA39411CA2CEA /* Other Sources */ = {
			isa = PBXGroup;
			children = (
				32CA4F630368D1EE00C91783 /* FirstAvenu-Prefix.pch */,
				29B97316FDCFA39411CA2CEA /* main.m */,
				ED33DF2A687741AEAF9F8254 /* Bridging-Header.h */,
			);
			name = "Other Sources";
			path = "FirstAvenu";
			sourceTree = "<group>";
		};
		29B97317FDCFA39411CA2CEA /* Resources */ = {
			isa = PBXGroup;
			children = (
				0207DA571B56EA530066E2B4 /* Images.xcassets */,
				3047A50E1AB8057F00498E2A /* config */,
				8D1107310486CEB800E47090 /* FirstAvenu-Info.plist */,
				6AFF5BF81D6E424B00AB3073 /* CDVLaunchScreen.storyboard */,
				0EF4C9C38A0949F4914D7250 /* GoogleService-Info.plist */,
			);
			name = Resources;
			path = "FirstAvenu/Resources";
			sourceTree = "<group>";
		};
		29B97323FDCFA39411CA2CEA /* Frameworks */ = {
			isa = PBXGroup;
			children = (
				F1AA9AABC5B64B7AA6BDF1E4 /* ImageIO.framework */,
				43E5C8BF3AB4417DA517A039 /* CoreLocation.framework */,
				3661C38D64844E0882D32B0E /* AVFoundation.framework */,
				89C3F48E80664760AD63EF3E /* WebKit.framework */,
				428C5F9053C1412B934903C0 /* Security.framework */,
				150080797C44438A99739352 /* PushKit.framework */,
				319E305D430845A69AD0AD1D /* AuthenticationServices.framework */,
			);
			name = Frameworks;
			sourceTree = "<group>";
		};
		301BF52E109A57CC0062928A /* Products */ = {
			isa = PBXGroup;
			children = (
				301BF535109A57CC0062928A /* libCordova.a */,
				907D8124214C687600058A10 /* Cordova.framework */,
			);
			name = Products;
			sourceTree = "<group>";
		};
		3047A50E1AB8057F00498E2A /* config */ = {
			isa = PBXGroup;
			children = (
				3047A50F1AB8059700498E2A /* build-debug.xcconfig */,
				3047A5101AB8059700498E2A /* build-release.xcconfig */,
				3047A5111AB8059700498E2A /* build.xcconfig */,
			);
			name = config;
			sourceTree = "<group>";
		};
		307C750510C5A3420062BCA9 /* Plugins */ = {
			isa = PBXGroup;
			children = (
				1870915E566D40C28E6BC2E2 /* UIImage+CropScaleOrientation.m */,
				A1EA78FA661D497F83D54789 /* CDVCamera.m */,
				04D46E4F2CFA4F4693EA6E57 /* CDVJpegHeaderWriter.m */,
				E8B85AEA37624A9BAE2808B5 /* UIImage+CropScaleOrientation.h */,
				0783130D0DAF4AEF92E8B278 /* CDVCamera.h */,
				2BE83BDD3BAB422DB792CD60 /* CDVJpegHeaderWriter.h */,
				65F6E761685C4FA8AADC21DE /* CDVExif.h */,
				46D8C1F4F9B54A89BB6D3C54 /* CDVDevice.m */,
				7CC0A53596134FD6A2424184 /* CDVDevice.h */,
				C497783ECFB646289D52B0E3 /* CDVUID.m */,
				90A03F9E82774DA4857AE69D /* OpenUDID.m */,
				3D9D2A2B078E44BE8A54F982 /* CDVUID.h */,
				6A1D3913F2E34126B1C0C887 /* OpenUDID.h */,
				86B48818C9054CDE83F66907 /* CDVFile.m */,
				28768985BD7C423EB95FA2C7 /* CDVLocalFilesystem.m */,
				C01547DB0AD141EC8259BB15 /* CDVAssetLibraryFilesystem.m */,
				5D3830E817D6432FA1929002 /* CDVFile.h */,
				CD3C63565A314262A10097C8 /* CDVLocalFilesystem.h */,
				2A2121C77E9743BC92EB66B6 /* CDVAssetLibraryFilesystem.h */,
				2B955505BF2043BDBF428085 /* CDVFileTransfer.m */,
				A358A52FA00C42F799977115 /* CDVFileTransfer.h */,
				CD409E1AD2DE4E34ABB576F8 /* CDVIonicKeyboard.m */,
				3E2E770ABE7E499190E1A283 /* CDVIonicKeyboard.h */,
				AF317D482971484D97587302 /* CDVWKWebViewEngine.m */,
				46F4F724970A42B6AD44B8D5 /* CDVWKWebViewUIDelegate.m */,
				14343E5F87BE4D17B0D4EDBC /* CDVWKProcessPoolFactory.m */,
				AF26C77DC4B64F44A21038B3 /* IONAssetHandler.m */,
				D4C7BC0A5D744FA6BF3C5DDF /* CDVWKWebViewEngine.h */,
				E5F9A87CD0F6440F87DA372B /* CDVWKWebViewUIDelegate.h */,
				EBA060E0D819434EB94A81B8 /* CDVWKProcessPoolFactory.h */,
				1AB9C7A68E264C5EB0CC3973 /* IONAssetHandler.h */,
				EA4D86661E5741ADA505173D /* CDVSplashScreen.m */,
				9896C7DBBA7F459AAAE71C7E /* CDVViewController+SplashScreen.m */,
				8F153B731B2642089A9073C3 /* CDVSplashScreen.h */,
				38888EEC6CEA4C7A884F8CB2 /* CDVViewController+SplashScreen.h */,
				FEB178F3F281425083A5D92A /* CDVStatusBar.m */,
				CFAB28F1D3EE4F5FA8129DBB /* CDVStatusBar.h */,
				47EE4442C0CC41F88DF3485D /* UICKeyChainStore.m */,
				FB8C007690D140B2B38C4FEC /* CDVUniqueDeviceID.m */,
				10558027E5224C10A7C2B018 /* UICKeyChainStore.h */,
				53D28B4133B849B49FA6DC72 /* CDVUniqueDeviceID.h */,
				2C89DEFDE3224079B1F26562 /* SQLitePlugin.m */,
				169555D76F204CF0AB0694C9 /* CustomPSPDFThreadSafeMutableDictionary.m */,
				85B5A16AA10C4F16969741B4 /* sqlite3.c */,
				CCA3E5C9D28248108A6CCB2E /* SQLitePlugin.h */,
				B97217BF9EBB40CD96344A72 /* sqlite3.h */,
				C6534FB60EB447F8BBC21619 /* AppDelegate+notification.m */,
				2C445D03D4A1474184C87477 /* PushPlugin.m */,
				403474E9B9F64DF8AABE203F /* AppDelegate+notification.h */,
				08C3224F28C3490DB5F99704 /* PushPlugin.h */,
				A23B051C29D6416CA3E02251 /* AppDelegate+FirebasePlugin.m */,
				3CDF588B658149FC8D9661E9 /* FirebasePlugin.m */,
				CEF52694305A44089E612ACB /* FirebasePluginMessageReceiver.m */,
				A8B9A6704FB34D0B8A003AA5 /* FirebasePluginMessageReceiverManager.m */,
				3787D1863BB446D197156B7D /* AppDelegate+FirebasePlugin.h */,
				AC4E9D6812564E708CC899D2 /* FirebasePlugin.h */,
				97DD9840A8B8458F921124B1 /* FirebasePluginMessageReceiver.h */,
				D7021F70C7AD47CFB97E267D /* FirebasePluginMessageReceiverManager.h */,
			);
			name = Plugins;
			path = "FirstAvenu/Plugins";
			sourceTree = SOURCE_ROOT;
		};
		EB87FDF11871DA420020F90C /* Staging */ = {
			isa = PBXGroup;
			children = (
				F840E1F0165FE0F500CFE078 /* config.xml */,
				301BF56E109A69640062928A /* www */,
			);
			name = Staging;
			sourceTree = "<group>";
		};
/* End PBXGroup section */

/* Begin PBXNativeTarget section */
		1D6058900D05DD3D006BFB54 /* FirstAvenu */ = {
			isa = PBXNativeTarget;
			buildConfigurationList = 1D6058960D05DD3E006BFB54 /* Build configuration list for PBXNativeTarget "FirstAvenu" */;
			buildPhases = (
				304B58A110DAC018002A0835 /* Copy www directory */,
				1D60588D0D05DD3D006BFB54 /* Resources */,
				1D60588E0D05DD3D006BFB54 /* Sources */,
				1D60588F0D05DD3D006BFB54 /* Frameworks */,
				0B8024651D2848EBBB2A8A5D /* "Crashlytics" */,
			);
			buildRules = (
			);
			dependencies = (
				301BF551109A68C00062928A /* PBXTargetDependency */,
			);
			name = "FirstAvenu";
			productName = "FirstAvenu";
			productReference = 1D6058910D05DD3D006BFB54 /* FirstAvenu.app */;
			productType = "com.apple.product-type.application";
		};
/* End PBXNativeTarget section */

/* Begin PBXProject section */
		29B97313FDCFA39411CA2CEA /* Project object */ = {
			isa = PBXProject;
			attributes = {
				LastUpgradeCheck = 1130;
				TargetAttributes = {
					1D6058900D05DD3D006BFB54 = {
						ProvisioningStyle = Automatic;
					};
				};
			};
			buildConfigurationList = C01FCF4E08A954540054247B /* Build configuration list for PBXProject "FirstAvenu" */;
			compatibilityVersion = "Xcode 11.0";
			developmentRegion = en;
			hasScannedForEncodings = 1;
			knownRegions = (
				en,
				Base,
			);
			mainGroup = 29B97314FDCFA39411CA2CEA /* CustomTemplate */;
			projectDirPath = "";
			projectReferences = (
				{
					ProductGroup = 301BF52E109A57CC0062928A /* Products */;
					ProjectRef = 301BF52D109A57CC0062928A /* CordovaLib/CordovaLib.xcodeproj */;
				},
			);
			projectRoot = "";
			targets = (
				1D6058900D05DD3D006BFB54 /* FirstAvenu */,
			);
		};
/* End PBXProject section */

/* Begin PBXReferenceProxy section */
		301BF535109A57CC0062928A /* libCordova.a */ = {
			isa = PBXReferenceProxy;
			fileType = archive.ar;
			path = libCordova.a;
			remoteRef = 301BF534109A57CC0062928A /* PBXContainerItemProxy */;
			sourceTree = BUILT_PRODUCTS_DIR;
		};
		907D8124214C687600058A10 /* Cordova.framework */ = {
			isa = PBXReferenceProxy;
			fileType = wrapper.framework;
			path = Cordova.framework;
			remoteRef = 907D8123214C687600058A10 /* PBXContainerItemProxy */;
			sourceTree = BUILT_PRODUCTS_DIR;
		};
/* End PBXReferenceProxy section */

/* Begin PBXResourcesBuildPhase section */
		1D60588D0D05DD3D006BFB54 /* Resources */ = {
			isa = PBXResourcesBuildPhase;
			buildActionMask = 2147483647;
			files = (
				302D95F214D2391D003F00A1 /* MainViewController.xib in Resources */,
				0207DA581B56EA530066E2B4 /* Images.xcassets in Resources */,
				6AFF5BF91D6E424B00AB3073 /* CDVLaunchScreen.storyboard in Resources */,
				2A32B98A186A42F1B408ECA7 /* GoogleService-Info.plist in Resources */,
			);
			runOnlyForDeploymentPostprocessing = 0;
		};
/* End PBXResourcesBuildPhase section */

/* Begin PBXShellScriptBuildPhase section */
		304B58A110DAC018002A0835 /* Copy www directory */ = {
			isa = PBXShellScriptBuildPhase;
			buildActionMask = 2147483647;
			files = (
			);
			inputPaths = (
			);
			name = "Copy www directory";
			outputPaths = (
			);
			runOnlyForDeploymentPostprocessing = 0;
			shellPath = /bin/sh;
			shellScript = "\"$SRCROOT/FirstAvenu/Scripts/copy-www-build-step.sh\"";
			showEnvVarsInLog = 0;
		};
		0B8024651D2848EBBB2A8A5D /* "Crashlytics" */ = {
			isa = PBXShellScriptBuildPhase;
			buildActionMask = 2147483647;
			files = (
			);
			inputPaths = (
				"$(BUILT_PRODUCTS_DIR)/$(INFOPLIST_PATH)",
			);
			name = "Crashlytics";
			outputPaths = (
			);
			runOnlyForDeploymentPostprocessing = 0;
			shellPath = /bin/sh;
			shellScript = "\"${PODS_ROOT}/FirebaseCrashlytics/run\"";
			showEnvVarsInLog = 0;
		};
/* End PBXShellScriptBuildPhase section */

/* Begin PBXSourcesBuildPhase section */
		1D60588E0D05DD3D006BFB54 /* Sources */ = {
			isa = PBXSourcesBuildPhase;
			buildActionMask = 2147483647;
			files = (
				1D60589B0D05DD56006BFB54 /* main.m in Sources */,
				1D3623260D0F684500981E51 /* AppDelegate.m in Sources */,
				302D95F114D2391D003F00A1 /* MainViewController.m in Sources */,
				E806A26587A1421481C235CA /* UIImage+CropScaleOrientation.m in Sources */,
				09C411C64715491EA7E6097C /* CDVCamera.m in Sources */,
				64B6D5A1C458473C914C74CC /* CDVJpegHeaderWriter.m in Sources */,
				5933E549E7CC47D59C8E9754 /* CDVDevice.m in Sources */,
				FE252DD16A874B9EBEC14AF7 /* CDVUID.m in Sources */,
				F401FC4D0E4A4146935698A1 /* OpenUDID.m in Sources */,
				E3BE96DADBD744CA8B1BE08B /* CDVFile.m in Sources */,
				6D7CCBE440404B149DB4ACFB /* CDVLocalFilesystem.m in Sources */,
				B61AF009BBE0460E9F429CC7 /* CDVAssetLibraryFilesystem.m in Sources */,
				25A467E6C3E642B993E8573C /* CDVFileTransfer.m in Sources */,
				4DB10ACCC51B499A9B24193C /* CDVIonicKeyboard.m in Sources */,
				FB7E424B967C43838ABF21F3 /* CDVWKWebViewEngine.m in Sources */,
				8A340CBFD1BD45B18431A4BA /* CDVWKWebViewUIDelegate.m in Sources */,
				D2F433D1FB724A5AA5D74B8D /* CDVWKProcessPoolFactory.m in Sources */,
				B3CE8C6D71AE48C68F23F7BD /* IONAssetHandler.m in Sources */,
				B930047F78F04AE1AA3D207F /* CDVSplashScreen.m in Sources */,
				DC9AA140E5EC4EDA86FB6321 /* CDVViewController+SplashScreen.m in Sources */,
				22361E92B15C47F88423D1B1 /* CDVStatusBar.m in Sources */,
				1F1B062BD1B340D5B0F57039 /* UICKeyChainStore.m in Sources */,
				1081333E4C57408E8FFC3025 /* CDVUniqueDeviceID.m in Sources */,
				E4DE05CD3EF24BA7B635C8F4 /* SQLitePlugin.m in Sources */,
				FB7F8A24A1D4421BB155DFE4 /* CustomPSPDFThreadSafeMutableDictionary.m in Sources */,
				5473529C3673471C9EF461E3 /* sqlite3.c in Resources */,
				A2DB9F5E11014DEBA6E3F9C7 /* AppDelegate+notification.m in Sources */,
				612A05F302C94F8FA7ACDE4D /* PushPlugin.m in Sources */,
				EE39238373824283A73F69AE /* AppDelegate+FirebasePlugin.m in Sources */,
				355A4473C8F3409D9358B9FA /* FirebasePlugin.m in Sources */,
				B641B2EEF71D43F28255365B /* FirebasePluginMessageReceiver.m in Sources */,
				D135FC6EB7AA47558A69B6F4 /* FirebasePluginMessageReceiverManager.m in Sources */,
			);
			runOnlyForDeploymentPostprocessing = 0;
		};
/* End PBXSourcesBuildPhase section */

/* Begin PBXTargetDependency section */
		301BF551109A68C00062928A /* PBXTargetDependency */ = {
			isa = PBXTargetDependency;
			name = CordovaLib;
			targetProxy = 301BF550109A68C00062928A /* PBXContainerItemProxy */;
		};
/* End PBXTargetDependency section */

/* Begin XCBuildConfiguration section */
		1D6058940D05DD3E006BFB54 /* Debug */ = {
			isa = XCBuildConfiguration;
			baseConfigurationReference = 3047A50F1AB8059700498E2A /* build-debug.xcconfig */;
			buildSettings = {
				ALWAYS_SEARCH_USER_PATHS = NO;
				ASSETCATALOG_COMPILER_APPICON_NAME = AppIcon;
				CLANG_ENABLE_MODULES = YES;
				CLANG_ENABLE_OBJC_ARC = YES;
				COPY_PHASE_STRIP = NO;
				GCC_DYNAMIC_NO_PIC = NO;
				GCC_OPTIMIZATION_LEVEL = 0;
				GCC_PRECOMPILE_PREFIX_HEADER = YES;
				GCC_PREFIX_HEADER = "FirstAvenu/FirstAvenu-Prefix.pch";
				GCC_THUMB_SUPPORT = NO;
				GCC_VERSION = "";
				INFOPLIST_FILE = "FirstAvenu/FirstAvenu-Info.plist";
				IPHONEOS_DEPLOYMENT_TARGET = 11.0;
				LD_RUNPATH_SEARCH_PATHS = "@executable_path/Frameworks";
				PRODUCT_BUNDLE_IDENTIFIER = io.ionic.FirstAvenu;
				PRODUCT_NAME = "$(TARGET_NAME)";
				TARGETED_DEVICE_FAMILY = "1,2";
				VALIDATE_WORKSPACE = NO;
			};
			name = Debug;
		};
		1D6058950D05DD3E006BFB54 /* Release */ = {
			isa = XCBuildConfiguration;
			baseConfigurationReference = 3047A5101AB8059700498E2A /* build-release.xcconfig */;
			buildSettings = {
				ALWAYS_SEARCH_USER_PATHS = NO;
				ASSETCATALOG_COMPILER_APPICON_NAME = AppIcon;
				CLANG_ENABLE_MODULES = YES;
				CLANG_ENABLE_OBJC_ARC = YES;
				COPY_PHASE_STRIP = YES;
				GCC_PRECOMPILE_PREFIX_HEADER = YES;
				GCC_PREFIX_HEADER = "FirstAvenu/FirstAvenu-Prefix.pch";
				GCC_THUMB_SUPPORT = NO;
				GCC_VERSION = "";
				INFOPLIST_FILE = "FirstAvenu/FirstAvenu-Info.plist";
				IPHONEOS_DEPLOYMENT_TARGET = 11.0;
				LD_RUNPATH_SEARCH_PATHS = "@executable_path/Frameworks";
				PRODUCT_BUNDLE_IDENTIFIER = io.ionic.FirstAvenu;
				PRODUCT_NAME = "$(TARGET_NAME)";
				TARGETED_DEVICE_FAMILY = "1,2";
				VALIDATE_WORKSPACE = NO;
			};
			name = Release;
		};
		C01FCF4F08A954540054247B /* Debug */ = {
			isa = XCBuildConfiguration;
			baseConfigurationReference = 3047A5111AB8059700498E2A /* build.xcconfig */;
			buildSettings = {
				CLANG_ANALYZER_LOCALIZABILITY_NONLOCALIZED = YES;
				CLANG_ENABLE_MODULES = YES;
				CLANG_ENABLE_OBJC_ARC = YES;
				CLANG_WARN_BLOCK_CAPTURE_AUTORELEASING = YES;
				CLANG_WARN_BOOL_CONVERSION = YES;
				CLANG_WARN_COMMA = YES;
				CLANG_WARN_CONSTANT_CONVERSION = YES;
				CLANG_WARN_DEPRECATED_OBJC_IMPLEMENTATIONS = YES;
				CLANG_WARN_EMPTY_BODY = YES;
				CLANG_WARN_ENUM_CONVERSION = YES;
				CLANG_WARN_INFINITE_RECURSION = YES;
				CLANG_WARN_INT_CONVERSION = YES;
				CLANG_WARN_NON_LITERAL_NULL_CONVERSION = YES;
				CLANG_WARN_OBJC_IMPLICIT_RETAIN_SELF = YES;
				CLANG_WARN_OBJC_LITERAL_CONVERSION = YES;
				CLANG_WARN_RANGE_LOOP_ANALYSIS = YES;
				CLANG_WARN_STRICT_PROTOTYPES = YES;
				CLANG_WARN_SUSPICIOUS_MOVE = YES;
				CLANG_WARN_UNREACHABLE_CODE = YES;
				CLANG_WARN__DUPLICATE_METHOD_MATCH = YES;
				ENABLE_STRICT_OBJC_MSGSEND = YES;
				ENABLE_TESTABILITY = YES;
				GCC_C_LANGUAGE_STANDARD = c99;
				GCC_NO_COMMON_BLOCKS = YES;
				GCC_THUMB_SUPPORT = NO;
				GCC_VERSION = "";
				GCC_WARN_64_TO_32_BIT_CONVERSION = YES;
				GCC_WARN_ABOUT_RETURN_TYPE = YES;
				GCC_WARN_UNDECLARED_SELECTOR = YES;
				GCC_WARN_UNINITIALIZED_AUTOS = YES;
				GCC_WARN_UNUSED_FUNCTION = YES;
				GCC_WARN_UNUSED_VARIABLE = YES;
				ONLY_ACTIVE_ARCH = YES;
				SDKROOT = iphoneos;
				SKIP_INSTALL = NO;
				WK_WEB_VIEW_ONLY = 1;
				IPHONEOS_DEPLOYMENT_TARGET = 11.0;
			};
			name = Debug;
		};
		C01FCF5008A954540054247B /* Release */ = {
			isa = XCBuildConfiguration;
			baseConfigurationReference = 3047A5111AB8059700498E2A /* build.xcconfig */;
			buildSettings = {
				CLANG_ANALYZER_LOCALIZABILITY_NONLOCALIZED = YES;
				CLANG_ENABLE_MODULES = YES;
				CLANG_ENABLE_OBJC_ARC = YES;
				CLANG_WARN_BLOCK_CAPTURE_AUTORELEASING = YES;
				CLANG_WARN_BOOL_CONVERSION = YES;
				CLANG_WARN_COMMA = YES;
				CLANG_WARN_CONSTANT_CONVERSION = YES;
				CLANG_WARN_DEPRECATED_OBJC_IMPLEMENTATIONS = YES;
				CLANG_WARN_EMPTY_BODY = YES;
				CLANG_WARN_ENUM_CONVERSION = YES;
				CLANG_WARN_INFINITE_RECURSION = YES;
				CLANG_WARN_INT_CONVERSION = YES;
				CLANG_WARN_NON_LITERAL_NULL_CONVERSION = YES;
				CLANG_WARN_OBJC_IMPLICIT_RETAIN_SELF = YES;
				CLANG_WARN_OBJC_LITERAL_CONVERSION = YES;
				CLANG_WARN_RANGE_LOOP_ANALYSIS = YES;
				CLANG_WARN_STRICT_PROTOTYPES = YES;
				CLANG_WARN_SUSPICIOUS_MOVE = YES;
				CLANG_WARN_UNREACHABLE_CODE = YES;
				CLANG_WARN__DUPLICATE_METHOD_MATCH = YES;
				ENABLE_STRICT_OBJC_MSGSEND = YES;
				GCC_C_LANGUAGE_STANDARD = c99;
				GCC_NO_COMMON_BLOCKS = YES;
				GCC_THUMB_SUPPORT = NO;
				GCC_VERSION = "";
				GCC_WARN_64_TO_32_BIT_CONVERSION = YES;
				GCC_WARN_ABOUT_RETURN_TYPE = YES;
				GCC_WARN_UNDECLARED_SELECTOR = YES;
				GCC_WARN_UNINITIALIZED_AUTOS = YES;
				GCC_WARN_UNUSED_FUNCTION = YES;
				GCC_WARN_UNUSED_VARIABLE = YES;
				SDKROOT = iphoneos;
				SKIP_INSTALL = NO;
				WK_WEB_VIEW_ONLY = 1;
				IPHONEOS_DEPLOYMENT_TARGET = 11.0;
			};
			name = Release;
		};
/* End XCBuildConfiguration section */

/* Begin XCConfigurationList section */
		1D6058960D05DD3E006BFB54 /* Build configuration list for PBXNativeTarget "FirstAvenu" */ = {
			isa = XCConfigurationList;
			buildConfigurations = (
				1D6058940D05DD3E006BFB54 /* Debug */,
				1D6058950D05DD3E006BFB54 /* Release */,
			);
			defaultConfigurationIsVisible = 0;
			defaultConfigurationName = Release;
		};
		C01FCF4E08A954540054247B /* Build configuration list for PBXProject "FirstAvenu" */ = {
			isa = XCConfigurationList;
			buildConfigurations = (
				C01FCF4F08A954540054247B /* Debug */,
				C01FCF5008A954540054247B /* Release */,
			);
			defaultConfigurationIsVisible = 0;
			defaultConfigurationName = Release;
		};
/* End XCConfigurationList section */
	};
	rootObject = 29B97313FDCFA39411CA2CEA /* Project object */;
}
